
Microsoft Visual Studio Solution File, Format Version 12.00
# Visual Studio Version 17
VisualStudioVersion = 17.11.35312.102
MinimumVisualStudioVersion = 10.0.40219.1
Project("{FAE04EC0-301F-11D3-BF4B-00C04F79EFBC}") = "X00185050_CA3_Blazor", "X00185050_CA3_Blazor\X00185050_CA3_Blazor.csproj", "{DAD88708-44D5-4A8B-B9A5-9294BBEF15FA}"
EndProject
Global
	GlobalSection(SolutionConfigurationPlatforms) = preSolution
		Debug|Any CPU = Debug|Any CPU
		Release|Any CPU = Release|Any CPU
	EndGlobalSection
	GlobalSection(ProjectConfigurationPlatforms) = postSolution
		{DAD88708-44D5-4A8B-B9A5-9294BBEF15FA}.Debug|Any CPU.ActiveCfg = Debug|Any CPU
		{DAD88708-44D5-4A8B-B9A5-9294BBEF15FA}.Debug|Any CPU.Build.0 = Debug|Any CPU
		{DAD88708-44D5-4A8B-B9A5-9294BBEF15FA}.Release|Any CPU.ActiveCfg = Release|Any CPU
		{DAD88708-44D5-4A8B-B9A5-9294BBEF15FA}.Release|Any CPU.Build.0 = Release|Any CPU
	EndGlobalSection
	GlobalSection(SolutionProperties) = preSolution
		HideSolutionNode = FALSE
	EndGlobalSection
	GlobalSection(ExtensibilityGlobals) = postSolution
		SolutionGuid = {A1D21FCB-6757-43C5-AD5A-460816ACED75}
	EndGlobalSection
EndGlobal
